{
    "name": "climate-dashboard",
    "version": "1.0.0",
    "lockfileVersion": 3,
    "requires": true,
    "packages": {
        "": {
            "name": "climate-dashboard",
            "version": "1.0.0",
            "dependencies": {
                "@radix-ui/react-aspect-ratio": "^1.1.7"
            },
            "devDependencies": {
                "concurrently": "^7.0.0"
            }
        },
        "node_modules/@babel/runtime": {
            "version": "7.26.9",
            "dev": true,
            "license": "MIT",
            "dependencies": {
                "regenerator-runtime": "^0.14.0"
            },
            "engines": {
                "node": ">=6.9.0"
            }
        },
        "node_modules/@radix-ui/react-aspect-ratio": {
            "version": "1.1.7",
            "resolved": "https://registry.npmjs.org/@radix-ui/react-aspect-ratio/-/react-aspect-ratio-1.1.7.tgz",
            "integrity": "sha512-Yq6lvO9HQyPwev1onK1daHCHqXVLzPhSVjmsNjCa2Zcxy2f7uJD2itDtxknv6FzAKCwD1qQkeVDmX/cev13n/g==",
            "license": "MIT",
            "dependencies": {
                "@radix-ui/react-primitive": "2.1.3"
            },
            "peerDependencies": {
                "@types/react": "*",
                "@types/react-dom": "*",
                "react": "^16.8 || ^17.0 || ^18.0 || ^19.0 || ^19.0.0-rc",
                "react-dom": "^16.8 || ^17.0 || ^18.0 || ^19.0 || ^19.0.0-rc"
            },
            "peerDependenciesMeta": {
                "@types/react": {
                    "optional": true
                },
                "@types/react-dom": {
                    "optional": true
                }
            }
        },
        "node_modules/@radix-ui/react-compose-refs": {
            "version": "1.1.2",
            "resolved": "https://registry.npmjs.org/@radix-ui/react-compose-refs/-/react-compose-refs-1.1.2.tgz",
            "integrity": "sha512-z4eqJvfiNnFMHIIvXP3CY57y2WJs5g2v3X0zm9mEJkrkNv4rDxu+sg9Jh8EkXyeqBkB7SOcboo9dMVqhyrACIg==",
            "license": "MIT",
            "peerDependencies": {
                "@types/react": "*",
                "react": "^16.8 || ^17.0 || ^18.0 || ^19.0 || ^19.0.0-rc"
            },
            "peerDependenciesMeta": {
                "@types/react": {
                    "optional": true
                }
            }
        },
        "node_modules/@radix-ui/react-primitive": {
            "version": "2.1.3",
            "resolved": "https://registry.npmjs.org/@radix-ui/react-primitive/-/react-primitive-2.1.3.tgz",
            "integrity": "sha512-m9gTwRkhy2lvCPe6QJp4d3G1TYEUHn/FzJUtq9MjH46an1wJU+GdoGC5VLof8RX8Ft/DlpshApkhswDLZzHIcQ==",
            "license": "MIT",
            "dependencies": {
                "@radix-ui/react-slot": "1.2.3"
            },
            "peerDependencies": {
                "@types/react": "*",
                "@types/react-dom": "*",
                "react": "^16.8 || ^17.0 || ^18.0 || ^19.0 || ^19.0.0-rc",
                "react-dom": "^16.8 || ^17.0 || ^18.0 || ^19.0 || ^19.0.0-rc"
            },
            "peerDependenciesMeta": {
                "@types/react": {
                    "optional": true
                },
                "@types/react-dom": {
                    "optional": true
                }
            }
        },
        "node_modules/@radix-ui/react-slot": {
            "version": "1.2.3",
            "resolved": "https://registry.npmjs.org/@radix-ui/react-slot/-/react-slot-1.2.3.tgz",
            "integrity": "sha512-aeNmHnBxbi2St0au6VBVC7JXFlhLlOnvIIlePNniyUNAClzmtAUEY8/pBiK3iHjufOlwA+c20/8jngo7xcrg8A==",
            "license": "MIT",
            "dependencies": {
                "@radix-ui/react-compose-refs": "1.1.2"
            },
            "peerDependencies": {
                "@types/react": "*",
                "react": "^16.8 || ^17.0 || ^18.0 || ^19.0 || ^19.0.0-rc"
            },
            "peerDependenciesMeta": {
                "@types/react": {
                    "optional": true
                }
            }
        },
        "node_modules/ansi-regex": {
            "version": "5.0.1",
            "dev": true,
            "license": "MIT",
            "engines": {
                "node": ">=8"
            }
        },
        "node_modules/ansi-styles": {
            "version": "4.3.0",
            "dev": true,
            "license": "MIT",
            "dependencies": {
                "color-convert": "^2.0.1"
            },
            "engines": {
                "node": ">=8"
            },
            "funding": {
                "url": "https://github.com/chalk/ansi-styles?sponsor=1"
            }
        },
        "node_modules/chalk": {
            "version": "4.1.2",
            "dev": true,
            "license": "MIT",
            "dependencies": {
                "ansi-styles": "^4.1.0",
                "supports-color": "^7.1.0"
            },
            "engines": {
                "node": ">=10"
            },
            "funding": {
                "url": "https://github.com/chalk/chalk?sponsor=1"
            }
        },
        "node_modules/cliui": {
            "version": "8.0.1",
            "dev": true,
            "license": "ISC",
            "dependencies": {
                "string-width": "^4.2.0",
                "strip-ansi": "^6.0.1",
                "wrap-ansi": "^7.0.0"
            },
            "engines": {
                "node": ">=12"
            }
        },
        "node_modules/color-convert": {
            "version": "2.0.1",
            "dev": true,
            "license": "MIT",
            "dependencies": {
                "color-name": "~1.1.4"
            },
            "engines": {
                "node": ">=7.0.0"
            }
        },
        "node_modules/color-name": {
            "version": "1.1.4",
            "dev": true,
            "license": "MIT"
        },
        "node_modules/concurrently": {
            "version": "7.6.0",
            "dev": true,
            "license": "MIT",
            "dependencies": {
                "chalk": "^4.1.0",
                "date-fns": "^2.29.1",
                "lodash": "^4.17.21",
                "rxjs": "^7.0.0",
                "shell-quote": "^1.7.3",
                "spawn-command": "^0.0.2-1",
                "supports-color": "^8.1.0",
                "tree-kill": "^1.2.2",
                "yargs": "^17.3.1"
            },
            "bin": {
                "conc": "dist/bin/concurrently.js",
                "concurrently": "dist/bin/concurrently.js"
            },
            "engines": {
                "node": "^12.20.0 || ^14.13.0 || >=16.0.0"
            },
            "funding": {
                "url": "https://github.com/open-cli-tools/concurrently?sponsor=1"
            }
        },
        "node_modules/concurrently/node_modules/supports-color": {
            "version": "8.1.1",
            "dev": true,
            "license": "MIT",
            "dependencies": {
                "has-flag": "^4.0.0"
            },
            "engines": {
                "node": ">=10"
            },
            "funding": {
                "url": "https://github.com/chalk/supports-color?sponsor=1"
            }
        },
        "node_modules/date-fns": {
            "version": "2.30.0",
            "dev": true,
            "license": "MIT",
            "dependencies": {
                "@babel/runtime": "^7.21.0"
            },
            "engines": {
                "node": ">=0.11"
            },
            "funding": {
                "type": "opencollective",
                "url": "https://opencollective.com/date-fns"
            }
        },
        "node_modules/emoji-regex": {
            "version": "8.0.0",
            "dev": true,
            "license": "MIT"
        },
        "node_modules/escalade": {
            "version": "3.2.0",
            "dev": true,
            "license": "MIT",
            "engines": {
                "node": ">=6"
            }
        },
        "node_modules/get-caller-file": {
            "version": "2.0.5",
            "dev": true,
            "license": "ISC",
            "engines": {
                "node": "6.* || 8.* || >= 10.*"
            }
        },
        "node_modules/has-flag": {
            "version": "4.0.0",
            "dev": true,
            "license": "MIT",
            "engines": {
                "node": ">=8"
            }
        },
        "node_modules/is-fullwidth-code-point": {
            "version": "3.0.0",
            "dev": true,
            "license": "MIT",
            "engines": {
                "node": ">=8"
            }
        },
        "node_modules/lodash": {
            "version": "4.17.21",
            "dev": true,
            "license": "MIT"
        },
        "node_modules/react": {
            "version": "19.1.0",
            "resolved": "https://registry.npmjs.org/react/-/react-19.1.0.tgz",
            "integrity": "sha512-FS+XFBNvn3GTAWq26joslQgWNoFu08F4kl0J4CgdNKADkdSGXQyTCnKteIAJy96Br6YbpEU1LSzV5dYtjMkMDg==",
            "license": "MIT",
            "peer": true,
            "engines": {
                "node": ">=0.10.0"
            }
        },
        "node_modules/react-dom": {
            "version": "19.1.0",
            "resolved": "https://registry.npmjs.org/react-dom/-/react-dom-19.1.0.tgz",
            "integrity": "sha512-Xs1hdnE+DyKgeHJeJznQmYMIBG3TKIHJJT95Q58nHLSrElKlGQqDTR2HQ9fx5CN/Gk6Vh/kupBTDLU11/nDk/g==",
            "license": "MIT",
            "peer": true,
            "dependencies": {
                "scheduler": "^0.26.0"
            },
            "peerDependencies": {
                "react": "^19.1.0"
            }
        },
        "node_modules/regenerator-runtime": {
            "version": "0.14.1",
            "dev": true,
            "license": "MIT"
        },
        "node_modules/require-directory": {
            "version": "2.1.1",
            "dev": true,
            "license": "MIT",
            "engines": {
                "node": ">=0.10.0"
            }
        },
        "node_modules/rxjs": {
            "version": "7.8.2",
            "dev": true,
            "license": "Apache-2.0",
            "dependencies": {
                "tslib": "^2.1.0"
            }
        },
        "node_modules/scheduler": {
            "version": "0.26.0",
            "resolved": "https://registry.npmjs.org/scheduler/-/scheduler-0.26.0.tgz",
            "integrity": "sha512-NlHwttCI/l5gCPR3D1nNXtWABUmBwvZpEQiD4IXSbIDq8BzLIK/7Ir5gTFSGZDUu37K5cMNp0hFtzO38sC7gWA==",
            "license": "MIT",
            "peer": true
        },
        "node_modules/shell-quote": {
            "version": "1.8.2",
            "dev": true,
            "license": "MIT",
            "engines": {
                "node": ">= 0.4"
            },
            "funding": {
                "url": "https://github.com/sponsors/ljharb"
            }
        },
        "node_modules/spawn-command": {
            "version": "0.0.2",
            "dev": true
        },
        "node_modules/string-width": {
            "version": "4.2.3",
            "dev": true,
            "license": "MIT",
            "dependencies": {
                "emoji-regex": "^8.0.0",
                "is-fullwidth-code-point": "^3.0.0",
                "strip-ansi": "^6.0.1"
            },
            "engines": {
                "node": ">=8"
            }
        },
        "node_modules/strip-ansi": {
            "version": "6.0.1",
            "dev": true,
            "license": "MIT",
            "dependencies": {
                "ansi-regex": "^5.0.1"
            },
            "engines": {
                "node": ">=8"
            }
        },
        "node_modules/supports-color": {
            "version": "7.2.0",
            "dev": true,
            "license": "MIT",
            "dependencies": {
                "has-flag": "^4.0.0"
            },
            "engines": {
                "node": ">=8"
            }
        },
        "node_modules/tree-kill": {
            "version": "1.2.2",
            "dev": true,
            "license": "MIT",
            "bin": {
                "tree-kill": "cli.js"
            }
        },
        "node_modules/tslib": {
            "version": "2.8.1",
            "dev": true,
            "license": "0BSD"
        },
        "node_modules/wrap-ansi": {
            "version": "7.0.0",
            "dev": true,
            "license": "MIT",
            "dependencies": {
                "ansi-styles": "^4.0.0",
                "string-width": "^4.1.0",
                "strip-ansi": "^6.0.0"
            },
            "engines": {
                "node": ">=10"
            },
            "funding": {
                "url": "https://github.com/chalk/wrap-ansi?sponsor=1"
            }
        },
        "node_modules/y18n": {
            "version": "5.0.8",
            "dev": true,
            "license": "ISC",
            "engines": {
                "node": ">=10"
            }
        },
        "node_modules/yargs": {
            "version": "17.7.2",
            "dev": true,
            "license": "MIT",
            "dependencies": {
                "cliui": "^8.0.1",
                "escalade": "^3.1.1",
                "get-caller-file": "^2.0.5",
                "require-directory": "^2.1.1",
                "string-width": "^4.2.3",
                "y18n": "^5.0.5",
                "yargs-parser": "^21.1.1"
            },
            "engines": {
                "node": ">=12"
            }
        },
        "node_modules/yargs-parser": {
            "version": "21.1.1",
            "dev": true,
            "license": "ISC",
            "engines": {
                "node": ">=12"
            }
        }
    }
}
